{
  "name": "mediaserver",
  "lockfileVersion": 3,
  "requires": true,
  "packages": {
    "": {
      "dependencies": {
        "@lars_hagemann/tags": "^1.0.9"
      }
    },
    "node_modules/@lars_hagemann/tags": {
      "version": "1.0.9",
      "resolved": "https://registry.npmjs.org/@lars_hagemann/tags/-/tags-1.0.9.tgz",
      "integrity": "sha512-IrFGcP7+wSfvjlbAqDzT6fw+VSAG96tWDkwdXAM/KYOFsi2phlKhU6GnPMFU8GIffU0ZRkgT36z0VwMfAnuJnA==",
      "license": "ISC",
      "dependencies": {
        "typescript": "^5.9.2"
      }
    },
    "node_modules/typescript": {
      "version": "5.9.3",
      "resolved": "https://registry.npmjs.org/typescript/-/typescript-5.9.3.tgz",
      "integrity": "sha512-jl1vZzPDinLr9eUt3J/t7V6FgNEw9QjvBPdysz9KfQDD41fQrC2Y4vKQdiaUpFT4bXlb1RHhLpp8wtm6M5TgSw==",
      "license": "Apache-2.0",
      "bin": {
        "tsc": "bin/tsc",
        "tsserver": "bin/tsserver"
      },
      "engines": {
        "node": ">=14.17"
      }
    }
  }
}
